Microsoft Visual Studio Solution File, Format Version 12.00
# Visual Studio Version 17
VisualStudioVersion = 17.5.2.0
MinimumVisualStudioVersion = 10.0.40219.1
Project("{FAE04EC0-301F-11D3-BF4B-00C04F79EFBC}") = "InstAnalytics", "InstAnalytics.csproj", "{18E69881-E612-A7B8-2BB6-83F0A36FB4EB}"
EndProject
Global
	GlobalSection(SolutionConfigurationPlatforms) = preSolution
		Debug|Any CPU = Debug|Any CPU
		Release|Any CPU = Release|Any CPU
	EndGlobalSection
	GlobalSection(ProjectConfigurationPlatforms) = postSolution
		{18E69881-E612-A7B8-2BB6-83F0A36FB4EB}.Debug|Any CPU.ActiveCfg = Debug|Any CPU
		{18E69881-E612-A7B8-2BB6-83F0A36FB4EB}.Debug|Any CPU.Build.0 = Debug|Any CPU
		{18E69881-E612-A7B8-2BB6-83F0A36FB4EB}.Release|Any CPU.ActiveCfg = Release|Any CPU
		{18E69881-E612-A7B8-2BB6-83F0A36FB4EB}.Release|Any CPU.Build.0 = Release|Any CPU
	EndGlobalSection
	GlobalSection(SolutionProperties) = preSolution
		HideSolutionNode = FALSE
	EndGlobalSection
	GlobalSection(ExtensibilityGlobals) = postSolution
		SolutionGuid = {B5B5D5B7-55CD-43A0-9807-936769729FCD}
	EndGlobalSection
EndGlobal
